{
  "name": "js",
  "lockfileVersion": 2,
  "requires": true,
  "packages": {
    "": {
      "dependencies": {
        "@sigma/edge-curve": "^3.0.0-beta.16",
        "sigma": "^3.0.0-beta.33"
      }
    },
    "node_modules/@sigma/edge-curve": {
      "version": "3.0.0-beta.16",
      "resolved": "https://registry.npmjs.org/@sigma/edge-curve/-/edge-curve-3.0.0-beta.16.tgz",
      "integrity": "sha512-vFFosMG4P+78qMr0U9wWspSElfhuuZn1bWBMQV39QYuV/04+Mc1E2/gWy0vZfVNjtT4LZsMUjpXWv/8ku58g3w==",
      "peerDependencies": {
        "sigma": ">=3.0.0-beta.10"
      }
    },
    "node_modules/events": {
      "version": "3.3.0",
      "resolved": "https://registry.npmjs.org/events/-/events-3.3.0.tgz",
      "integrity": "sha512-mQw+2fkQbALzQ7V0MY0IqdnXNOeTtP4r0lN9z7AAawCXgqea7bDii20AYrIBrFd/Hx0M2Ocz6S111CaFkUcb0Q==",
      "engines": {
        "node": ">=0.8.x"
      }
    },
    "node_modules/graphology-types": {
      "version": "0.24.7",
      "resolved": "https://registry.npmjs.org/graphology-types/-/graphology-types-0.24.7.tgz",
      "integrity": "sha512-tdcqOOpwArNjEr0gNQKCXwaNCWnQJrog14nJNQPeemcLnXQUUGrsCWpWkVKt46zLjcS6/KGoayeJfHHyPDlvwA==",
      "peer": true
    },
    "node_modules/graphology-utils": {
      "version": "2.5.2",
      "resolved": "https://registry.npmjs.org/graphology-utils/-/graphology-utils-2.5.2.tgz",
      "integrity": "sha512-ckHg8MXrXJkOARk56ZaSCM1g1Wihe2d6iTmz1enGOz4W/l831MBCKSayeFQfowgF8wd+PQ4rlch/56Vs/VZLDQ==",
      "peerDependencies": {
        "graphology-types": ">=0.23.0"
      }
    },
    "node_modules/sigma": {
      "version": "3.0.0-beta.33",
      "resolved": "https://registry.npmjs.org/sigma/-/sigma-3.0.0-beta.33.tgz",
      "integrity": "sha512-a7ApWAoUg5/ADU3aiQFQSUcab9JHyI5v5A6CKlCyfLj+bTEqJH2Frx5Jo4jSTi9v25bfsa8sP8Gftp0eecKqIw==",
      "dependencies": {
        "events": "^3.3.0",
        "graphology-utils": "^2.5.2"
      }
    }
  },
  "dependencies": {
    "@sigma/edge-curve": {
      "version": "3.0.0-beta.16",
      "resolved": "https://registry.npmjs.org/@sigma/edge-curve/-/edge-curve-3.0.0-beta.16.tgz",
      "integrity": "sha512-vFFosMG4P+78qMr0U9wWspSElfhuuZn1bWBMQV39QYuV/04+Mc1E2/gWy0vZfVNjtT4LZsMUjpXWv/8ku58g3w==",
      "requires": {}
    },
    "events": {
      "version": "3.3.0",
      "resolved": "https://registry.npmjs.org/events/-/events-3.3.0.tgz",
      "integrity": "sha512-mQw+2fkQbALzQ7V0MY0IqdnXNOeTtP4r0lN9z7AAawCXgqea7bDii20AYrIBrFd/Hx0M2Ocz6S111CaFkUcb0Q=="
    },
    "graphology-types": {
      "version": "0.24.7",
      "resolved": "https://registry.npmjs.org/graphology-types/-/graphology-types-0.24.7.tgz",
      "integrity": "sha512-tdcqOOpwArNjEr0gNQKCXwaNCWnQJrog14nJNQPeemcLnXQUUGrsCWpWkVKt46zLjcS6/KGoayeJfHHyPDlvwA==",
      "peer": true
    },
    "graphology-utils": {
      "version": "2.5.2",
      "resolved": "https://registry.npmjs.org/graphology-utils/-/graphology-utils-2.5.2.tgz",
      "integrity": "sha512-ckHg8MXrXJkOARk56ZaSCM1g1Wihe2d6iTmz1enGOz4W/l831MBCKSayeFQfowgF8wd+PQ4rlch/56Vs/VZLDQ==",
      "requires": {}
    },
    "sigma": {
      "version": "3.0.0-beta.33",
      "resolved": "https://registry.npmjs.org/sigma/-/sigma-3.0.0-beta.33.tgz",
      "integrity": "sha512-a7ApWAoUg5/ADU3aiQFQSUcab9JHyI5v5A6CKlCyfLj+bTEqJH2Frx5Jo4jSTi9v25bfsa8sP8Gftp0eecKqIw==",
      "requires": {
        "events": "^3.3.0",
        "graphology-utils": "^2.5.2"
      }
    }
  }
}
